Microsoft Visual Studio Solution File, Format Version 12.00
# Visual Studio Version 17
VisualStudioVersion = 17.5.2.0
MinimumVisualStudioVersion = 10.0.40219.1
Project("{2150E333-8FDC-42A3-9474-1A3956D46DE8}") = "examples", "examples", "{B36A84DF-456D-A817-6EDD-3EC3E7F6E11F}"
EndProject
Project("{FAE04EC0-301F-11D3-BF4B-00C04F79EFBC}") = "cube", "examples\cube\cube.csproj", "{C9981C74-A7C2-6184-3073-9CBEF2CBC1CF}"
EndProject
Project("{FAE04EC0-301F-11D3-BF4B-00C04F79EFBC}") = "dyntex", "examples\dyntex\dyntex.csproj", "{C6A900C0-2305-4DB2-988B-88E7540BC67F}"
EndProject
Project("{FAE04EC0-301F-11D3-BF4B-00C04F79EFBC}") = "plmpeg", "examples\plmpeg\plmpeg.csproj", "{20D1473D-EE27-4FC7-8074-0136E46E8343}"
EndProject
Project("{FAE04EC0-301F-11D3-BF4B-00C04F79EFBC}") = "loadpng", "examples\loadpng\loadpng.csproj", "{62B58DF8-B096-4A87-B036-F037B642C0D3}"
EndProject
Project("{FAE04EC0-301F-11D3-BF4B-00C04F79EFBC}") = "cubeweb", "examples\cube\cubeweb.csproj", "{CF3B6BD7-3C68-4534-A41A-75B087CDAD22}"
EndProject
Project("{FAE04EC0-301F-11D3-BF4B-00C04F79EFBC}") = "dyntexWeb", "examples\dyntex\dyntexWeb.csproj", "{30C9ECF5-58F0-4728-86ED-354BAFCE5084}"
EndProject
Project("{FAE04EC0-301F-11D3-BF4B-00C04F79EFBC}") = "loadpngWeb", "examples\loadpng\loadpngWeb.csproj", "{9B109CD7-3035-45E9-8D2D-02A82E8DD153}"
EndProject
Project("{FAE04EC0-301F-11D3-BF4B-00C04F79EFBC}") = "plmpegWeb", "examples\plmpeg\plmpegWeb.csproj", "{51815CA5-3A57-4AC3-AA20-15C0A41EAE66}"
EndProject
Project("{FAE04EC0-301F-11D3-BF4B-00C04F79EFBC}") = "instancing", "examples\instancing\instancing.csproj", "{87844AAF-F904-4888-9948-1A5149A1E40B}"
EndProject
Project("{FAE04EC0-301F-11D3-BF4B-00C04F79EFBC}") = "instancingWeb", "examples\instancing\instancingWeb.csproj", "{24CAEF1D-6892-476D-B81B-E98D37B9893B}"
EndProject
Project("{FAE04EC0-301F-11D3-BF4B-00C04F79EFBC}") = "cimgui", "examples\cimgui\cimgui.csproj", "{056B3D69-4CFB-4904-9FE5-0961619ED055}"
EndProject
Project("{FAE04EC0-301F-11D3-BF4B-00C04F79EFBC}") = "cimguiweb", "examples\cimgui\cimguiweb.csproj", "{23EC784F-3497-4278-A0F1-E14A78F9FFA5}"
EndProject
Project("{FAE04EC0-301F-11D3-BF4B-00C04F79EFBC}") = "drawcallperf", "examples\drawcallperf\drawcallperf.csproj", "{355F7341-D8C5-4A19-B7B8-336E65E9CCFD}"
EndProject
Project("{FAE04EC0-301F-11D3-BF4B-00C04F79EFBC}") = "drawcallperfWeb", "examples\drawcallperf\drawcallperfWeb.csproj", "{107EC80F-6F78-4077-9744-92836B6157C1}"
EndProject
Project("{FAE04EC0-301F-11D3-BF4B-00C04F79EFBC}") = "sgl", "examples\sgl\sgl.csproj", "{57C50C8E-DB50-4C78-BA4D-2330FE254394}"
EndProject
Project("{FAE04EC0-301F-11D3-BF4B-00C04F79EFBC}") = "sglWeb", "examples\sgl\sglWeb.csproj", "{CE0539BE-4D95-4C89-9C5B-CCA06FE2E5C4}"
EndProject
Project("{FAE04EC0-301F-11D3-BF4B-00C04F79EFBC}") = "debugtext", "examples\debugtext\debugtext.csproj", "{636B51A7-CA4E-4C74-980C-0B4809E4C410}"
EndProject
Project("{FAE04EC0-301F-11D3-BF4B-00C04F79EFBC}") = "debugtextWeb", "examples\debugtext\debugtextWeb.csproj", "{14918E04-E6C1-44AA-9D7C-77A6B04D0968}"
EndProject
Project("{FAE04EC0-301F-11D3-BF4B-00C04F79EFBC}") = "sgl_lines", "examples\sgl_lines\sgl_lines.csproj", "{3E1DEBBE-496A-4640-8F75-64365E0CCB12}"
EndProject
Project("{FAE04EC0-301F-11D3-BF4B-00C04F79EFBC}") = "sgl_linesWeb", "examples\sgl_lines\sgl_linesWeb.csproj", "{FD0844F5-BD24-4453-876F-4FFBD6A79612}"
EndProject
Project("{FAE04EC0-301F-11D3-BF4B-00C04F79EFBC}") = "imgui_usercallback", "examples\imgui_usercallback\imgui_usercallback.csproj", "{AC7F9073-3489-452F-AD84-BD404495E228}"
EndProject
Project("{FAE04EC0-301F-11D3-BF4B-00C04F79EFBC}") = "imgui_usercallbackWeb", "examples\imgui_usercallback\imgui_usercallbackWeb.csproj", "{16DFAC28-77A2-4FA4-8D6E-33BD87FC4B67}"
EndProject
Project("{FAE04EC0-301F-11D3-BF4B-00C04F79EFBC}") = "offscreen", "examples\offscreen\offscreen.csproj", "{B93C111E-3B1F-46EB-A08F-94566E197417}"
EndProject
Project("{FAE04EC0-301F-11D3-BF4B-00C04F79EFBC}") = "offscreenWeb", "examples\offscreen\offscreenWeb.csproj", "{BF62931A-4430-45D4-8C47-E8AB7B81C033}"
EndProject
Project("{FAE04EC0-301F-11D3-BF4B-00C04F79EFBC}") = "sdf", "examples\sdf\sdf.csproj", "{10148E34-5C2E-4C04-93FB-12B42374F2BE}"
EndProject
Project("{FAE04EC0-301F-11D3-BF4B-00C04F79EFBC}") = "sdfWeb", "examples\sdf\sdfWeb.csproj", "{C9900251-88A4-43F5-AD06-29BFBF9BB044}"
EndProject
Project("{FAE04EC0-301F-11D3-BF4B-00C04F79EFBC}") = "shadows", "examples\shadows\shadows.csproj", "{CF7B3739-1DED-4D0A-A7AC-A42E66C16F95}"
EndProject
Project("{FAE04EC0-301F-11D3-BF4B-00C04F79EFBC}") = "shadowsWeb", "examples\shadows\shadowsWeb.csproj", "{F115232F-E0B5-4CD9-A798-B3FE04CA6DE4}"
EndProject
Project("{FAE04EC0-301F-11D3-BF4B-00C04F79EFBC}") = "shapes_transform", "examples\shapes_transform\shapes_transform.csproj", "{AAC8FBE7-26AB-4EEA-ABAF-7F5BDA152BDB}"
EndProject
Project("{FAE04EC0-301F-11D3-BF4B-00C04F79EFBC}") = "shapes_transformWeb", "examples\shapes_transform\shapes_transformWeb.csproj", "{98518161-830C-45D6-A9F6-75FAA9E6A331}"
EndProject
Project("{FAE04EC0-301F-11D3-BF4B-00C04F79EFBC}") = "cgltf", "examples\cgltf\cgltf.csproj", "{8967284B-F76C-4179-8C21-67B932449182}"
EndProject
Project("{FAE04EC0-301F-11D3-BF4B-00C04F79EFBC}") = "cgltfWeb", "examples\cgltf\cgltfWeb.csproj", "{89875347-53F3-4772-9FAF-7950124FCD47}"
EndProject
Project("{FAE04EC0-301F-11D3-BF4B-00C04F79EFBC}") = "clear", "examples\clear\clear.csproj", "{5E8E86A7-48C3-4968-8CBA-0B54202C7F95}"
EndProject
Project("{FAE04EC0-301F-11D3-BF4B-00C04F79EFBC}") = "clearWeb", "examples\clear\clearWeb.csproj", "{6B2FFA3A-587D-4AA0-9EE6-608CECFE0061}"
EndProject
Project("{FAE04EC0-301F-11D3-BF4B-00C04F79EFBC}") = "basisu", "examples\basisu\basisu.csproj", "{DDA59CE5-ECFB-4658-BCE4-2877AB48CC03}"
EndProject
Project("{FAE04EC0-301F-11D3-BF4B-00C04F79EFBC}") = "basisuWeb", "examples\basisu\basisuWeb.csproj", "{CF4E3E94-902C-4318-B7AC-D10C50892FD8}"
EndProject
Project("{FAE04EC0-301F-11D3-BF4B-00C04F79EFBC}") = "texview", "examples\texview\texview.csproj", "{3A746B31-EE0B-4F94-88A0-89CAF0D49EE1}"
EndProject
Project("{FAE04EC0-301F-11D3-BF4B-00C04F79EFBC}") = "texviewWeb", "examples\texview\texviewWeb.csproj", "{D4686747-BEF5-48A1-8EF5-867F1AD6DC9D}"
EndProject
Project("{FAE04EC0-301F-11D3-BF4B-00C04F79EFBC}") = "fontstash", "examples\fontstash\fontstash.csproj", "{C0CB1F89-9A1A-43E3-B2C7-AB27B89637E9}"
EndProject
Project("{FAE04EC0-301F-11D3-BF4B-00C04F79EFBC}") = "fontstashWeb", "examples\fontstash\fontstashWeb.csproj", "{CDC837E9-304E-4228-93FE-2A4D8AED938A}"
EndProject
Project("{FAE04EC0-301F-11D3-BF4B-00C04F79EFBC}") = "fontstash_layers", "examples\fontstash_layers\fontstash_layers.csproj", "{4BC74E26-F718-4795-83A2-5D8420033B62}"
EndProject
Project("{FAE04EC0-301F-11D3-BF4B-00C04F79EFBC}") = "fontstash_layersWeb", "examples\fontstash_layers\fontstash_layersWeb.csproj", "{32F4CBBA-5C8C-4419-A6E1-4B2304E30522}"
EndProject
Project("{FAE04EC0-301F-11D3-BF4B-00C04F79EFBC}") = "cubemaprt", "examples\cubemaprt\cubemaprt.csproj", "{DA9DF78E-1B40-4C32-BB9F-D0EB4A0CFB39}"
EndProject
Project("{FAE04EC0-301F-11D3-BF4B-00C04F79EFBC}") = "cubemaprtWeb", "examples\cubemaprt\cubemaprtWeb.csproj", "{FF4B5DDC-8395-4B62-9D84-87B6687786B5}"
EndProject
Project("{FAE04EC0-301F-11D3-BF4B-00C04F79EFBC}") = "miprender", "examples\miprender\miprender.csproj", "{9B28E879-4592-445C-BB60-630DB14E68D6}"
EndProject
Project("{FAE04EC0-301F-11D3-BF4B-00C04F79EFBC}") = "miprenderWeb", "examples\miprender\miprenderWeb.csproj", "{9E904C61-E1E9-4E03-AD1B-B1F768F6697E}"
EndProject
Project("{FAE04EC0-301F-11D3-BF4B-00C04F79EFBC}") = "cubemap_jpeg", "examples\cubemap_jpeg\cubemap_jpeg.csproj", "{738FD872-9860-4D1F-9021-92C2417B4CC6}"
EndProject
Project("{FAE04EC0-301F-11D3-BF4B-00C04F79EFBC}") = "cubemap_jpegWeb", "examples\cubemap_jpeg\cubemap_jpegWeb.csproj", "{B5E8F8B8-E503-45CB-8CE5-FD87D55BCDD0}"
EndProject
Project("{FAE04EC0-301F-11D3-BF4B-00C04F79EFBC}") = "spine_simple", "examples\spine_simple\spine_simple.csproj", "{7F1A6D41-F294-4EF7-B9E1-321F31AB36C2}"
EndProject
Project("{FAE04EC0-301F-11D3-BF4B-00C04F79EFBC}") = "spine_simpleWeb", "examples\spine_simple\spine_simpleWeb.csproj", "{EC128229-FBA6-41AB-838B-4F8C4DF05961}"
EndProject
Project("{FAE04EC0-301F-11D3-BF4B-00C04F79EFBC}") = "spine_skinsets", "examples\spine_skinsets\spine_skinsets.csproj", "{7AE8CE8E-A9D9-4191-839B-9796194E6662}"
EndProject
Project("{FAE04EC0-301F-11D3-BF4B-00C04F79EFBC}") = "spine_skinsetsWeb", "examples\spine_skinsets\spine_skinsetsWeb.csproj", "{9C8F9CEE-1DF5-44DB-BC2D-FEF3BCB8ACC2}"
EndProject
Project("{FAE04EC0-301F-11D3-BF4B-00C04F79EFBC}") = "spine_inspector", "examples\spine_inspector\spine_inspector.csproj", "{541D7658-7362-4727-9793-6AF696CEA0E2}"
EndProject
Project("{FAE04EC0-301F-11D3-BF4B-00C04F79EFBC}") = "spine_inspectorWeb", "examples\spine_inspector\spine_inspectorWeb.csproj", "{A65801A3-7A12-4218-8DCC-B3E200150063}"
EndProject
Project("{FAE04EC0-301F-11D3-BF4B-00C04F79EFBC}") = "ozz_shdfeatures", "examples\ozz_shdfeatures\ozz_shdfeatures.csproj", "{96B8B883-677A-4C82-855E-D788B7B15F03}"
EndProject
Project("{FAE04EC0-301F-11D3-BF4B-00C04F79EFBC}") = "ozz_shdfeaturesWeb", "examples\ozz_shdfeatures\ozz_shdfeaturesWeb.csproj", "{7AD9D16E-D050-453F-9694-B7E0F379FA16}"
EndProject
Project("{FAE04EC0-301F-11D3-BF4B-00C04F79EFBC}") = "vertextexture", "examples\vertextexture\vertextexture.csproj", "{984CE21B-DA73-49BD-9A06-E8FFA62CC180}"
EndProject
Project("{FAE04EC0-301F-11D3-BF4B-00C04F79EFBC}") = "vertextextureWeb", "examples\vertextexture\vertextextureWeb.csproj", "{112CEBFE-D976-411E-8B4F-6F73CC0C27C2}"
EndProject
Project("{FAE04EC0-301F-11D3-BF4B-00C04F79EFBC}") = "mrt", "examples\mrt\mrt.csproj", "{F17CEE61-2607-4A28-8008-C40F93BE5DF3}"
EndProject
Project("{FAE04EC0-301F-11D3-BF4B-00C04F79EFBC}") = "mrtWeb", "examples\mrt\mrtWeb.csproj", "{E7BAD1C4-0BD6-46AC-8F5C-ED384FFDDB2E}"
EndProject
Project("{FAE04EC0-301F-11D3-BF4B-00C04F79EFBC}") = "debugtext_context", "examples\debugtext_context\debugtext_context.csproj", "{87F49DEC-4A66-47D1-9601-4A9D4E55A0A9}"
EndProject
Project("{FAE04EC0-301F-11D3-BF4B-00C04F79EFBC}") = "debugtext_contextWeb", "examples\debugtext_context\debugtext_contextWeb.csproj", "{A1B2E172-7B4B-4143-A886-E01AB4357749}"
EndProject
Project("{FAE04EC0-301F-11D3-BF4B-00C04F79EFBC}") = "assimp_simple", "examples\assimp_simple\assimp_simple.csproj", "{2A143D1B-9646-43A9-9A79-53D2EBD77E1E}"
EndProject
Project("{FAE04EC0-301F-11D3-BF4B-00C04F79EFBC}") = "assimp_simpleWeb", "examples\assimp_simple\assimp_simpleWeb.csproj", "{136E0561-4D70-498F-AB23-8A16E0E18CC3}"
EndProject
Project("{FAE04EC0-301F-11D3-BF4B-00C04F79EFBC}") = "assimp_animation", "examples\assimp_animation\assimp_animation.csproj", "{F4692755-B8A2-4C30-BD20-66F41944D53D}"
EndProject
Project("{FAE04EC0-301F-11D3-BF4B-00C04F79EFBC}") = "assimp_animationWeb", "examples\assimp_animation\assimp_animationWeb.csproj", "{4962B90E-1897-47D2-9BDB-22E5660EB9E6}"
EndProject
Project("{FAE04EC0-301F-11D3-BF4B-00C04F79EFBC}") = "assimp_scene", "examples\assimp_scene\assimp_scene.csproj", "{9189598E-BD1E-464F-9B0B-8171AD52B0CF}"
EndProject
Project("{FAE04EC0-301F-11D3-BF4B-00C04F79EFBC}") = "assimp_sceneWeb", "examples\assimp_scene\assimp_sceneWeb.csproj", "{66D47205-4E2C-4D21-A622-CD7A00DAD0BC}"
EndProject
Project("{FAE04EC0-301F-11D3-BF4B-00C04F79EFBC}") = "GltfViewer", "examples\GltfViewer\GltfViewer.csproj", "{E0E3C2DD-A654-43C7-AFC1-38EAAB929F77}"
EndProject
Project("{FAE04EC0-301F-11D3-BF4B-00C04F79EFBC}") = "GltfViewerWeb", "examples\GltfViewer\GltfViewerWeb.csproj", "{EB850F03-7F10-4ED1-82EA-A1DBF4587056}"
EndProject
Project("{FAE04EC0-301F-11D3-BF4B-00C04F79EFBC}") = "bepuphysics", "examples\bepuphysics\bepuphysics.csproj", "{0532801E-AE23-426E-A60A-A712F95654CB}"
EndProject
Project("{FAE04EC0-301F-11D3-BF4B-00C04F79EFBC}") = "bepuphysicsWeb", "examples\bepuphysics\bepuphysicsWeb.csproj", "{480C0AEA-CF34-453B-B51C-6B44BD5DD4DE}"
EndProject
Project("{FAE04EC0-301F-11D3-BF4B-00C04F79EFBC}") = "JoltPhysicsWeb", "examples\JoltPhysics\JoltPhysicsWeb.csproj", "{3EFAF9C9-34ED-48D3-A6C8-B5418090CF2C}"
EndProject
Project("{FAE04EC0-301F-11D3-BF4B-00C04F79EFBC}") = "JoltPhysics", "examples\JoltPhysics\JoltPhysics.csproj", "{B0FC537B-E104-4780-9187-C017D7B83123}"
EndProject
Project("{FAE04EC0-301F-11D3-BF4B-00C04F79EFBC}") = "box2dPhysics", "examples\box2dPhysics\box2dPhysics.csproj", "{89525414-0E00-4889-8B4D-CD891717C1EC}"
EndProject
Project("{FAE04EC0-301F-11D3-BF4B-00C04F79EFBC}") = "box2dPhysicsWeb", "examples\box2dPhysics\box2dPhysicsWeb.csproj", "{9239F08D-0F40-442B-9CF0-6CF79A976D81}"
EndProject
Project("{FAE04EC0-301F-11D3-BF4B-00C04F79EFBC}") = "computeboids", "examples\computeboids\computeboids.csproj", "{FAD0AD62-0B42-44FC-8E5D-EDF474A27A29}"
EndProject
Project("{FAE04EC0-301F-11D3-BF4B-00C04F79EFBC}") = "instancing_compute", "examples\instancing_compute\instancing_compute.csproj", "{61208C9F-5944-4649-B8B6-1ABD60AC8495}"
EndProject
Project("{FAE04EC0-301F-11D3-BF4B-00C04F79EFBC}") = "IOSSokolApp", "examples\IOSSokolApp\IOSSokolApp.csproj", "{54C15E9E-843F-4E93-ACBE-89F58C10BCAB}"
EndProject
Project("{FAE04EC0-301F-11D3-BF4B-00C04F79EFBC}") = "ShaderToyApp", "examples\ShaderToyApp\ShaderToyApp.csproj", "{4FC8AC4B-6922-44D8-B8AF-17A126B739C1}"
EndProject
Project("{FAE04EC0-301F-11D3-BF4B-00C04F79EFBC}") = "ShaderToyAppWeb", "examples\ShaderToyApp\ShaderToyAppWeb.csproj", "{5A9745D1-051B-4D0E-9673-AE7E319123BD}"
EndProject
Project("{FAE04EC0-301F-11D3-BF4B-00C04F79EFBC}") = "SkiaSokolApp", "examples\SkiaSokolApp\SkiaSokolApp.csproj", "{80147B30-6C88-4AC3-A01B-29363D2EFD04}"
EndProject
Project("{FAE04EC0-301F-11D3-BF4B-00C04F79EFBC}") = "SkiaSokolAppWeb", "examples\SkiaSokolApp\SkiaSokolAppWeb.csproj", "{26067D95-940F-4EDE-8B43-41624F962C56}"
EndProject
Project("{FAE04EC0-301F-11D3-BF4B-00C04F79EFBC}") = "SampleBrowser", "examples\SampleBrowser\SampleBrowser.csproj", "{1044DE3F-EE1A-4CA6-B1EA-196EF34C8D23}"
EndProject
Project("{FAE04EC0-301F-11D3-BF4B-00C04F79EFBC}") = "SampleBrowserWeb", "examples\SampleBrowser\SampleBrowserWeb.csproj", "{9AB9704C-AAC5-49E0-91BD-EBDBE27C1884}"
EndProject
Project("{FAE04EC0-301F-11D3-BF4B-00C04F79EFBC}") = "CGltfViewer", "examples\CGltfViewer\CGltfViewer.csproj", "{6238DF09-AC94-4D7D-A7DE-11068289FBA8}"
EndProject
Project("{FAE04EC0-301F-11D3-BF4B-00C04F79EFBC}") = "CGltfViewerWeb", "examples\CGltfViewer\CGltfViewerWeb.csproj", "{350B8511-EB32-4FAD-9466-3E1CF088CF5F}"
EndProject
Project("{FAE04EC0-301F-11D3-BF4B-00C04F79EFBC}") = "camera_hardware", "examples\camera_hardware\camera_hardware.csproj", "{7630037A-492F-432E-8929-389C9097E501}"
EndProject
Project("{FAE04EC0-301F-11D3-BF4B-00C04F79EFBC}") = "camera_hardwareWeb", "examples\camera_hardware\camera_hardwareWeb.csproj", "{D2CF98F1-78D5-4C37-97FD-59361AC2A5DB}"
EndProject
Project("{FAE04EC0-301F-11D3-BF4B-00C04F79EFBC}") = "sokol_gp_sdf", "examples\sokol_gp_sdf\sokol_gp_sdf.csproj", "{C32E7B2B-60C0-4B8C-9A4A-1481611CB577}"
EndProject
Project("{FAE04EC0-301F-11D3-BF4B-00C04F79EFBC}") = "sokol_gp_sdfWeb", "examples\sokol_gp_sdf\sokol_gp_sdfWeb.csproj", "{1BFD52C7-2937-448B-8AD3-3C61FFDFEB27}"
EndProject
Project("{FAE04EC0-301F-11D3-BF4B-00C04F79EFBC}") = "sokol_gp_primitives", "examples\sokol_gp_primitives\sokol_gp_primitives.csproj", "{2E024490-4A66-4E0C-8EB9-2FD7E38E1CDA}"
EndProject
Project("{FAE04EC0-301F-11D3-BF4B-00C04F79EFBC}") = "sokol_gp_primitivesWeb", "examples\sokol_gp_primitives\sokol_gp_primitivesWeb.csproj", "{1C155A0D-4669-4580-ACE2-D22CA4204F83}"
EndProject
Project("{FAE04EC0-301F-11D3-BF4B-00C04F79EFBC}") = "sokol_gp_effect", "examples\sokol_gp_effect\sokol_gp_effect.csproj", "{83BE4D7E-02E0-4F16-A24D-04E750B8013B}"
EndProject
Project("{FAE04EC0-301F-11D3-BF4B-00C04F79EFBC}") = "sokol_gp_effectWeb", "examples\sokol_gp_effect\sokol_gp_effectWeb.csproj", "{295064BB-7B60-485E-8D80-4F2F32B96002}"
EndProject
Project("{FAE04EC0-301F-11D3-BF4B-00C04F79EFBC}") = "sokol_gp_framebuffer", "examples\sokol_gp_framebuffer\sokol_gp_framebuffer.csproj", "{952EC646-7C76-49FB-87D5-1258405C1F8D}"
EndProject
Project("{FAE04EC0-301F-11D3-BF4B-00C04F79EFBC}") = "sokol_gp_framebufferWeb", "examples\sokol_gp_framebuffer\sokol_gp_framebufferWeb.csproj", "{71B58E1E-6D40-46D5-A096-8A3750E24EAE}"
EndProject
Project("{FAE04EC0-301F-11D3-BF4B-00C04F79EFBC}") = "sokol_gp_blend", "examples\sokol_gp_blend\sokol_gp_blend.csproj", "{838AE7EC-4937-4BEB-836B-FCBE590A3237}"
EndProject
Project("{FAE04EC0-301F-11D3-BF4B-00C04F79EFBC}") = "sokol_gp_blendWeb", "examples\sokol_gp_blend\sokol_gp_blendWeb.csproj", "{A22B7197-3C36-4CAE-88D1-836FA0265250}"
EndProject
Project("{FAE04EC0-301F-11D3-BF4B-00C04F79EFBC}") = "sokol_gp_bench", "examples\sokol_gp_bench\sokol_gp_bench.csproj", "{5BA08E52-87FC-45A7-8255-3138EB6A7865}"
EndProject
Project("{FAE04EC0-301F-11D3-BF4B-00C04F79EFBC}") = "sokol_gp_benchWeb", "examples\sokol_gp_bench\sokol_gp_benchWeb.csproj", "{8EC430AE-BFD9-40F3-9A04-B4F15B3EE7C0}"
EndProject
Project("{FAE04EC0-301F-11D3-BF4B-00C04F79EFBC}") = "Reversi", "examples\Reversi\Reversi.csproj", "{0EF504B2-CCCA-4A6A-84BB-28CB20EA4ECB}"
EndProject
Project("{FAE04EC0-301F-11D3-BF4B-00C04F79EFBC}") = "ReversiWeb", "examples\Reversi\ReversiWeb.csproj", "{98EC9D1E-69DA-46CE-877F-3B3F532BC045}"
EndProject
Project("{FAE04EC0-301F-11D3-BF4B-00C04F79EFBC}") = "ConnectFour", "examples\ConnectFour\ConnectFour.csproj", "{816320DD-A975-459F-80AF-D31A9DB73479}"
EndProject
Project("{FAE04EC0-301F-11D3-BF4B-00C04F79EFBC}") = "ConnectFourWeb", "examples\ConnectFour\ConnectFourWeb.csproj", "{B165223F-7B93-40E5-8549-FCEDCB23D672}"
EndProject
Global
	GlobalSection(SolutionConfigurationPlatforms) = preSolution
		Debug|Any CPU = Debug|Any CPU
		Release|Any CPU = Release|Any CPU
	EndGlobalSection
	GlobalSection(ProjectConfigurationPlatforms) = postSolution
		{C9981C74-A7C2-6184-3073-9CBEF2CBC1CF}.Debug|Any CPU.ActiveCfg = Debug|Any CPU
		{C9981C74-A7C2-6184-3073-9CBEF2CBC1CF}.Debug|Any CPU.Build.0 = Debug|Any CPU
		{C9981C74-A7C2-6184-3073-9CBEF2CBC1CF}.Release|Any CPU.ActiveCfg = Release|Any CPU
		{C9981C74-A7C2-6184-3073-9CBEF2CBC1CF}.Release|Any CPU.Build.0 = Release|Any CPU
		{C6A900C0-2305-4DB2-988B-88E7540BC67F}.Debug|Any CPU.ActiveCfg = Debug|Any CPU
		{C6A900C0-2305-4DB2-988B-88E7540BC67F}.Debug|Any CPU.Build.0 = Debug|Any CPU
		{C6A900C0-2305-4DB2-988B-88E7540BC67F}.Release|Any CPU.ActiveCfg = Release|Any CPU
		{C6A900C0-2305-4DB2-988B-88E7540BC67F}.Release|Any CPU.Build.0 = Release|Any CPU
		{20D1473D-EE27-4FC7-8074-0136E46E8343}.Debug|Any CPU.ActiveCfg = Debug|Any CPU
		{20D1473D-EE27-4FC7-8074-0136E46E8343}.Debug|Any CPU.Build.0 = Debug|Any CPU
		{20D1473D-EE27-4FC7-8074-0136E46E8343}.Release|Any CPU.ActiveCfg = Release|Any CPU
		{20D1473D-EE27-4FC7-8074-0136E46E8343}.Release|Any CPU.Build.0 = Release|Any CPU
		{62B58DF8-B096-4A87-B036-F037B642C0D3}.Debug|Any CPU.ActiveCfg = Debug|Any CPU
		{62B58DF8-B096-4A87-B036-F037B642C0D3}.Debug|Any CPU.Build.0 = Debug|Any CPU
		{62B58DF8-B096-4A87-B036-F037B642C0D3}.Release|Any CPU.ActiveCfg = Release|Any CPU
		{62B58DF8-B096-4A87-B036-F037B642C0D3}.Release|Any CPU.Build.0 = Release|Any CPU
		{CF3B6BD7-3C68-4534-A41A-75B087CDAD22}.Debug|Any CPU.ActiveCfg = Debug|Any CPU
		{CF3B6BD7-3C68-4534-A41A-75B087CDAD22}.Debug|Any CPU.Build.0 = Debug|Any CPU
		{CF3B6BD7-3C68-4534-A41A-75B087CDAD22}.Release|Any CPU.ActiveCfg = Release|Any CPU
		{CF3B6BD7-3C68-4534-A41A-75B087CDAD22}.Release|Any CPU.Build.0 = Release|Any CPU
		{30C9ECF5-58F0-4728-86ED-354BAFCE5084}.Debug|Any CPU.ActiveCfg = Debug|Any CPU
		{30C9ECF5-58F0-4728-86ED-354BAFCE5084}.Debug|Any CPU.Build.0 = Debug|Any CPU
		{30C9ECF5-58F0-4728-86ED-354BAFCE5084}.Release|Any CPU.ActiveCfg = Release|Any CPU
		{30C9ECF5-58F0-4728-86ED-354BAFCE5084}.Release|Any CPU.Build.0 = Release|Any CPU
		{9B109CD7-3035-45E9-8D2D-02A82E8DD153}.Debug|Any CPU.ActiveCfg = Debug|Any CPU
		{9B109CD7-3035-45E9-8D2D-02A82E8DD153}.Debug|Any CPU.Build.0 = Debug|Any CPU
		{9B109CD7-3035-45E9-8D2D-02A82E8DD153}.Release|Any CPU.ActiveCfg = Release|Any CPU
		{9B109CD7-3035-45E9-8D2D-02A82E8DD153}.Release|Any CPU.Build.0 = Release|Any CPU
		{51815CA5-3A57-4AC3-AA20-15C0A41EAE66}.Debug|Any CPU.ActiveCfg = Debug|Any CPU
		{51815CA5-3A57-4AC3-AA20-15C0A41EAE66}.Debug|Any CPU.Build.0 = Debug|Any CPU
		{51815CA5-3A57-4AC3-AA20-15C0A41EAE66}.Release|Any CPU.ActiveCfg = Release|Any CPU
		{51815CA5-3A57-4AC3-AA20-15C0A41EAE66}.Release|Any CPU.Build.0 = Release|Any CPU
		{87844AAF-F904-4888-9948-1A5149A1E40B}.Debug|Any CPU.ActiveCfg = Debug|Any CPU
		{87844AAF-F904-4888-9948-1A5149A1E40B}.Debug|Any CPU.Build.0 = Debug|Any CPU
		{87844AAF-F904-4888-9948-1A5149A1E40B}.Release|Any CPU.ActiveCfg = Release|Any CPU
		{87844AAF-F904-4888-9948-1A5149A1E40B}.Release|Any CPU.Build.0 = Release|Any CPU
		{24CAEF1D-6892-476D-B81B-E98D37B9893B}.Debug|Any CPU.ActiveCfg = Debug|Any CPU
		{24CAEF1D-6892-476D-B81B-E98D37B9893B}.Debug|Any CPU.Build.0 = Debug|Any CPU
		{24CAEF1D-6892-476D-B81B-E98D37B9893B}.Release|Any CPU.ActiveCfg = Release|Any CPU
		{24CAEF1D-6892-476D-B81B-E98D37B9893B}.Release|Any CPU.Build.0 = Release|Any CPU
		{056B3D69-4CFB-4904-9FE5-0961619ED055}.Debug|Any CPU.ActiveCfg = Debug|Any CPU
		{056B3D69-4CFB-4904-9FE5-0961619ED055}.Debug|Any CPU.Build.0 = Debug|Any CPU
		{056B3D69-4CFB-4904-9FE5-0961619ED055}.Release|Any CPU.ActiveCfg = Release|Any CPU
		{056B3D69-4CFB-4904-9FE5-0961619ED055}.Release|Any CPU.Build.0 = Release|Any CPU
		{23EC784F-3497-4278-A0F1-E14A78F9FFA5}.Debug|Any CPU.ActiveCfg = Debug|Any CPU
		{23EC784F-3497-4278-A0F1-E14A78F9FFA5}.Debug|Any CPU.Build.0 = Debug|Any CPU
		{23EC784F-3497-4278-A0F1-E14A78F9FFA5}.Release|Any CPU.ActiveCfg = Release|Any CPU
		{23EC784F-3497-4278-A0F1-E14A78F9FFA5}.Release|Any CPU.Build.0 = Release|Any CPU
		{355F7341-D8C5-4A19-B7B8-336E65E9CCFD}.Debug|Any CPU.ActiveCfg = Debug|Any CPU
		{355F7341-D8C5-4A19-B7B8-336E65E9CCFD}.Debug|Any CPU.Build.0 = Debug|Any CPU
		{355F7341-D8C5-4A19-B7B8-336E65E9CCFD}.Release|Any CPU.ActiveCfg = Release|Any CPU
		{355F7341-D8C5-4A19-B7B8-336E65E9CCFD}.Release|Any CPU.Build.0 = Release|Any CPU
		{107EC80F-6F78-4077-9744-92836B6157C1}.Debug|Any CPU.ActiveCfg = Debug|Any CPU
		{107EC80F-6F78-4077-9744-92836B6157C1}.Debug|Any CPU.Build.0 = Debug|Any CPU
		{107EC80F-6F78-4077-9744-92836B6157C1}.Release|Any CPU.ActiveCfg = Release|Any CPU
		{107EC80F-6F78-4077-9744-92836B6157C1}.Release|Any CPU.Build.0 = Release|Any CPU
		{57C50C8E-DB50-4C78-BA4D-2330FE254394}.Debug|Any CPU.ActiveCfg = Debug|Any CPU
		{57C50C8E-DB50-4C78-BA4D-2330FE254394}.Debug|Any CPU.Build.0 = Debug|Any CPU
		{57C50C8E-DB50-4C78-BA4D-2330FE254394}.Release|Any CPU.ActiveCfg = Release|Any CPU
		{57C50C8E-DB50-4C78-BA4D-2330FE254394}.Release|Any CPU.Build.0 = Release|Any CPU
		{CE0539BE-4D95-4C89-9C5B-CCA06FE2E5C4}.Debug|Any CPU.ActiveCfg = Debug|Any CPU
		{CE0539BE-4D95-4C89-9C5B-CCA06FE2E5C4}.Debug|Any CPU.Build.0 = Debug|Any CPU
		{CE0539BE-4D95-4C89-9C5B-CCA06FE2E5C4}.Release|Any CPU.ActiveCfg = Release|Any CPU
		{CE0539BE-4D95-4C89-9C5B-CCA06FE2E5C4}.Release|Any CPU.Build.0 = Release|Any CPU
		{636B51A7-CA4E-4C74-980C-0B4809E4C410}.Debug|Any CPU.ActiveCfg = Debug|Any CPU
		{636B51A7-CA4E-4C74-980C-0B4809E4C410}.Debug|Any CPU.Build.0 = Debug|Any CPU
		{636B51A7-CA4E-4C74-980C-0B4809E4C410}.Release|Any CPU.ActiveCfg = Release|Any CPU
		{636B51A7-CA4E-4C74-980C-0B4809E4C410}.Release|Any CPU.Build.0 = Release|Any CPU
		{14918E04-E6C1-44AA-9D7C-77A6B04D0968}.Debug|Any CPU.ActiveCfg = Debug|Any CPU
		{14918E04-E6C1-44AA-9D7C-77A6B04D0968}.Debug|Any CPU.Build.0 = Debug|Any CPU
		{14918E04-E6C1-44AA-9D7C-77A6B04D0968}.Release|Any CPU.ActiveCfg = Release|Any CPU
		{14918E04-E6C1-44AA-9D7C-77A6B04D0968}.Release|Any CPU.Build.0 = Release|Any CPU
		{3E1DEBBE-496A-4640-8F75-64365E0CCB12}.Debug|Any CPU.ActiveCfg = Debug|Any CPU
		{3E1DEBBE-496A-4640-8F75-64365E0CCB12}.Debug|Any CPU.Build.0 = Debug|Any CPU
		{3E1DEBBE-496A-4640-8F75-64365E0CCB12}.Release|Any CPU.ActiveCfg = Release|Any CPU
		{3E1DEBBE-496A-4640-8F75-64365E0CCB12}.Release|Any CPU.Build.0 = Release|Any CPU
		{FD0844F5-BD24-4453-876F-4FFBD6A79612}.Debug|Any CPU.ActiveCfg = Debug|Any CPU
		{FD0844F5-BD24-4453-876F-4FFBD6A79612}.Debug|Any CPU.Build.0 = Debug|Any CPU
		{FD0844F5-BD24-4453-876F-4FFBD6A79612}.Release|Any CPU.ActiveCfg = Release|Any CPU
		{FD0844F5-BD24-4453-876F-4FFBD6A79612}.Release|Any CPU.Build.0 = Release|Any CPU
		{AC7F9073-3489-452F-AD84-BD404495E228}.Debug|Any CPU.ActiveCfg = Debug|Any CPU
		{AC7F9073-3489-452F-AD84-BD404495E228}.Debug|Any CPU.Build.0 = Debug|Any CPU
		{AC7F9073-3489-452F-AD84-BD404495E228}.Release|Any CPU.ActiveCfg = Release|Any CPU
		{AC7F9073-3489-452F-AD84-BD404495E228}.Release|Any CPU.Build.0 = Release|Any CPU
		{16DFAC28-77A2-4FA4-8D6E-33BD87FC4B67}.Debug|Any CPU.ActiveCfg = Debug|Any CPU
		{16DFAC28-77A2-4FA4-8D6E-33BD87FC4B67}.Debug|Any CPU.Build.0 = Debug|Any CPU
		{16DFAC28-77A2-4FA4-8D6E-33BD87FC4B67}.Release|Any CPU.ActiveCfg = Release|Any CPU
		{16DFAC28-77A2-4FA4-8D6E-33BD87FC4B67}.Release|Any CPU.Build.0 = Release|Any CPU
		{B93C111E-3B1F-46EB-A08F-94566E197417}.Debug|Any CPU.ActiveCfg = Debug|Any CPU
		{B93C111E-3B1F-46EB-A08F-94566E197417}.Debug|Any CPU.Build.0 = Debug|Any CPU
		{B93C111E-3B1F-46EB-A08F-94566E197417}.Release|Any CPU.ActiveCfg = Release|Any CPU
		{B93C111E-3B1F-46EB-A08F-94566E197417}.Release|Any CPU.Build.0 = Release|Any CPU
		{BF62931A-4430-45D4-8C47-E8AB7B81C033}.Debug|Any CPU.ActiveCfg = Debug|Any CPU
		{BF62931A-4430-45D4-8C47-E8AB7B81C033}.Debug|Any CPU.Build.0 = Debug|Any CPU
		{BF62931A-4430-45D4-8C47-E8AB7B81C033}.Release|Any CPU.ActiveCfg = Release|Any CPU
		{BF62931A-4430-45D4-8C47-E8AB7B81C033}.Release|Any CPU.Build.0 = Release|Any CPU
		{10148E34-5C2E-4C04-93FB-12B42374F2BE}.Debug|Any CPU.ActiveCfg = Debug|Any CPU
		{10148E34-5C2E-4C04-93FB-12B42374F2BE}.Debug|Any CPU.Build.0 = Debug|Any CPU
		{10148E34-5C2E-4C04-93FB-12B42374F2BE}.Release|Any CPU.ActiveCfg = Release|Any CPU
		{10148E34-5C2E-4C04-93FB-12B42374F2BE}.Release|Any CPU.Build.0 = Release|Any CPU
		{C9900251-88A4-43F5-AD06-29BFBF9BB044}.Debug|Any CPU.ActiveCfg = Debug|Any CPU
		{C9900251-88A4-43F5-AD06-29BFBF9BB044}.Debug|Any CPU.Build.0 = Debug|Any CPU
		{C9900251-88A4-43F5-AD06-29BFBF9BB044}.Release|Any CPU.ActiveCfg = Release|Any CPU
		{C9900251-88A4-43F5-AD06-29BFBF9BB044}.Release|Any CPU.Build.0 = Release|Any CPU
		{CF7B3739-1DED-4D0A-A7AC-A42E66C16F95}.Debug|Any CPU.ActiveCfg = Debug|Any CPU
		{CF7B3739-1DED-4D0A-A7AC-A42E66C16F95}.Debug|Any CPU.Build.0 = Debug|Any CPU
		{CF7B3739-1DED-4D0A-A7AC-A42E66C16F95}.Release|Any CPU.ActiveCfg = Release|Any CPU
		{CF7B3739-1DED-4D0A-A7AC-A42E66C16F95}.Release|Any CPU.Build.0 = Release|Any CPU
		{F115232F-E0B5-4CD9-A798-B3FE04CA6DE4}.Debug|Any CPU.ActiveCfg = Debug|Any CPU
		{F115232F-E0B5-4CD9-A798-B3FE04CA6DE4}.Debug|Any CPU.Build.0 = Debug|Any CPU
		{F115232F-E0B5-4CD9-A798-B3FE04CA6DE4}.Release|Any CPU.ActiveCfg = Release|Any CPU
		{F115232F-E0B5-4CD9-A798-B3FE04CA6DE4}.Release|Any CPU.Build.0 = Release|Any CPU
		{AAC8FBE7-26AB-4EEA-ABAF-7F5BDA152BDB}.Debug|Any CPU.ActiveCfg = Debug|Any CPU
		{AAC8FBE7-26AB-4EEA-ABAF-7F5BDA152BDB}.Debug|Any CPU.Build.0 = Debug|Any CPU
		{AAC8FBE7-26AB-4EEA-ABAF-7F5BDA152BDB}.Release|Any CPU.ActiveCfg = Release|Any CPU
		{AAC8FBE7-26AB-4EEA-ABAF-7F5BDA152BDB}.Release|Any CPU.Build.0 = Release|Any CPU
		{98518161-830C-45D6-A9F6-75FAA9E6A331}.Debug|Any CPU.ActiveCfg = Debug|Any CPU
		{98518161-830C-45D6-A9F6-75FAA9E6A331}.Debug|Any CPU.Build.0 = Debug|Any CPU
		{98518161-830C-45D6-A9F6-75FAA9E6A331}.Release|Any CPU.ActiveCfg = Release|Any CPU
		{98518161-830C-45D6-A9F6-75FAA9E6A331}.Release|Any CPU.Build.0 = Release|Any CPU
		{8967284B-F76C-4179-8C21-67B932449182}.Debug|Any CPU.ActiveCfg = Debug|Any CPU
		{8967284B-F76C-4179-8C21-67B932449182}.Debug|Any CPU.Build.0 = Debug|Any CPU
		{8967284B-F76C-4179-8C21-67B932449182}.Release|Any CPU.ActiveCfg = Release|Any CPU
		{8967284B-F76C-4179-8C21-67B932449182}.Release|Any CPU.Build.0 = Release|Any CPU
		{89875347-53F3-4772-9FAF-7950124FCD47}.Debug|Any CPU.ActiveCfg = Debug|Any CPU
		{89875347-53F3-4772-9FAF-7950124FCD47}.Debug|Any CPU.Build.0 = Debug|Any CPU
		{89875347-53F3-4772-9FAF-7950124FCD47}.Release|Any CPU.ActiveCfg = Release|Any CPU
		{89875347-53F3-4772-9FAF-7950124FCD47}.Release|Any CPU.Build.0 = Release|Any CPU
		{5E8E86A7-48C3-4968-8CBA-0B54202C7F95}.Debug|Any CPU.ActiveCfg = Debug|Any CPU
		{5E8E86A7-48C3-4968-8CBA-0B54202C7F95}.Debug|Any CPU.Build.0 = Debug|Any CPU
		{5E8E86A7-48C3-4968-8CBA-0B54202C7F95}.Release|Any CPU.ActiveCfg = Release|Any CPU
		{5E8E86A7-48C3-4968-8CBA-0B54202C7F95}.Release|Any CPU.Build.0 = Release|Any CPU
		{6B2FFA3A-587D-4AA0-9EE6-608CECFE0061}.Debug|Any CPU.ActiveCfg = Debug|Any CPU
		{6B2FFA3A-587D-4AA0-9EE6-608CECFE0061}.Debug|Any CPU.Build.0 = Debug|Any CPU
		{6B2FFA3A-587D-4AA0-9EE6-608CECFE0061}.Release|Any CPU.ActiveCfg = Release|Any CPU
		{6B2FFA3A-587D-4AA0-9EE6-608CECFE0061}.Release|Any CPU.Build.0 = Release|Any CPU
		{DDA59CE5-ECFB-4658-BCE4-2877AB48CC03}.Debug|Any CPU.ActiveCfg = Debug|Any CPU
		{DDA59CE5-ECFB-4658-BCE4-2877AB48CC03}.Debug|Any CPU.Build.0 = Debug|Any CPU
		{DDA59CE5-ECFB-4658-BCE4-2877AB48CC03}.Release|Any CPU.ActiveCfg = Release|Any CPU
		{DDA59CE5-ECFB-4658-BCE4-2877AB48CC03}.Release|Any CPU.Build.0 = Release|Any CPU
		{CF4E3E94-902C-4318-B7AC-D10C50892FD8}.Debug|Any CPU.ActiveCfg = Debug|Any CPU
		{CF4E3E94-902C-4318-B7AC-D10C50892FD8}.Debug|Any CPU.Build.0 = Debug|Any CPU
		{CF4E3E94-902C-4318-B7AC-D10C50892FD8}.Release|Any CPU.ActiveCfg = Release|Any CPU
		{CF4E3E94-902C-4318-B7AC-D10C50892FD8}.Release|Any CPU.Build.0 = Release|Any CPU
		{3A746B31-EE0B-4F94-88A0-89CAF0D49EE1}.Debug|Any CPU.ActiveCfg = Debug|Any CPU
		{3A746B31-EE0B-4F94-88A0-89CAF0D49EE1}.Debug|Any CPU.Build.0 = Debug|Any CPU
		{3A746B31-EE0B-4F94-88A0-89CAF0D49EE1}.Release|Any CPU.ActiveCfg = Release|Any CPU
		{3A746B31-EE0B-4F94-88A0-89CAF0D49EE1}.Release|Any CPU.Build.0 = Release|Any CPU
		{D4686747-BEF5-48A1-8EF5-867F1AD6DC9D}.Debug|Any CPU.ActiveCfg = Debug|Any CPU
		{D4686747-BEF5-48A1-8EF5-867F1AD6DC9D}.Debug|Any CPU.Build.0 = Debug|Any CPU
		{D4686747-BEF5-48A1-8EF5-867F1AD6DC9D}.Release|Any CPU.ActiveCfg = Release|Any CPU
		{D4686747-BEF5-48A1-8EF5-867F1AD6DC9D}.Release|Any CPU.Build.0 = Release|Any CPU
		{C0CB1F89-9A1A-43E3-B2C7-AB27B89637E9}.Debug|Any CPU.ActiveCfg = Debug|Any CPU
		{C0CB1F89-9A1A-43E3-B2C7-AB27B89637E9}.Debug|Any CPU.Build.0 = Debug|Any CPU
		{C0CB1F89-9A1A-43E3-B2C7-AB27B89637E9}.Release|Any CPU.ActiveCfg = Release|Any CPU
		{C0CB1F89-9A1A-43E3-B2C7-AB27B89637E9}.Release|Any CPU.Build.0 = Release|Any CPU
		{CDC837E9-304E-4228-93FE-2A4D8AED938A}.Debug|Any CPU.ActiveCfg = Debug|Any CPU
		{CDC837E9-304E-4228-93FE-2A4D8AED938A}.Debug|Any CPU.Build.0 = Debug|Any CPU
		{CDC837E9-304E-4228-93FE-2A4D8AED938A}.Release|Any CPU.ActiveCfg = Release|Any CPU
		{CDC837E9-304E-4228-93FE-2A4D8AED938A}.Release|Any CPU.Build.0 = Release|Any CPU
		{4BC74E26-F718-4795-83A2-5D8420033B62}.Debug|Any CPU.ActiveCfg = Debug|Any CPU
		{4BC74E26-F718-4795-83A2-5D8420033B62}.Debug|Any CPU.Build.0 = Debug|Any CPU
		{4BC74E26-F718-4795-83A2-5D8420033B62}.Release|Any CPU.ActiveCfg = Release|Any CPU
		{4BC74E26-F718-4795-83A2-5D8420033B62}.Release|Any CPU.Build.0 = Release|Any CPU
		{32F4CBBA-5C8C-4419-A6E1-4B2304E30522}.Debug|Any CPU.ActiveCfg = Debug|Any CPU
		{32F4CBBA-5C8C-4419-A6E1-4B2304E30522}.Debug|Any CPU.Build.0 = Debug|Any CPU
		{32F4CBBA-5C8C-4419-A6E1-4B2304E30522}.Release|Any CPU.ActiveCfg = Release|Any CPU
		{32F4CBBA-5C8C-4419-A6E1-4B2304E30522}.Release|Any CPU.Build.0 = Release|Any CPU
		{DA9DF78E-1B40-4C32-BB9F-D0EB4A0CFB39}.Debug|Any CPU.ActiveCfg = Debug|Any CPU
		{DA9DF78E-1B40-4C32-BB9F-D0EB4A0CFB39}.Debug|Any CPU.Build.0 = Debug|Any CPU
		{DA9DF78E-1B40-4C32-BB9F-D0EB4A0CFB39}.Release|Any CPU.ActiveCfg = Release|Any CPU
		{DA9DF78E-1B40-4C32-BB9F-D0EB4A0CFB39}.Release|Any CPU.Build.0 = Release|Any CPU
		{FF4B5DDC-8395-4B62-9D84-87B6687786B5}.Debug|Any CPU.ActiveCfg = Debug|Any CPU
		{FF4B5DDC-8395-4B62-9D84-87B6687786B5}.Debug|Any CPU.Build.0 = Debug|Any CPU
		{FF4B5DDC-8395-4B62-9D84-87B6687786B5}.Release|Any CPU.ActiveCfg = Release|Any CPU
		{FF4B5DDC-8395-4B62-9D84-87B6687786B5}.Release|Any CPU.Build.0 = Release|Any CPU
		{9B28E879-4592-445C-BB60-630DB14E68D6}.Debug|Any CPU.ActiveCfg = Debug|Any CPU
		{9B28E879-4592-445C-BB60-630DB14E68D6}.Debug|Any CPU.Build.0 = Debug|Any CPU
		{9B28E879-4592-445C-BB60-630DB14E68D6}.Release|Any CPU.ActiveCfg = Release|Any CPU
		{9B28E879-4592-445C-BB60-630DB14E68D6}.Release|Any CPU.Build.0 = Release|Any CPU
		{9E904C61-E1E9-4E03-AD1B-B1F768F6697E}.Debug|Any CPU.ActiveCfg = Debug|Any CPU
		{9E904C61-E1E9-4E03-AD1B-B1F768F6697E}.Debug|Any CPU.Build.0 = Debug|Any CPU
		{9E904C61-E1E9-4E03-AD1B-B1F768F6697E}.Release|Any CPU.ActiveCfg = Release|Any CPU
		{9E904C61-E1E9-4E03-AD1B-B1F768F6697E}.Release|Any CPU.Build.0 = Release|Any CPU
		{738FD872-9860-4D1F-9021-92C2417B4CC6}.Debug|Any CPU.ActiveCfg = Debug|Any CPU
		{738FD872-9860-4D1F-9021-92C2417B4CC6}.Debug|Any CPU.Build.0 = Debug|Any CPU
		{738FD872-9860-4D1F-9021-92C2417B4CC6}.Release|Any CPU.ActiveCfg = Release|Any CPU
		{738FD872-9860-4D1F-9021-92C2417B4CC6}.Release|Any CPU.Build.0 = Release|Any CPU
		{B5E8F8B8-E503-45CB-8CE5-FD87D55BCDD0}.Debug|Any CPU.ActiveCfg = Debug|Any CPU
		{B5E8F8B8-E503-45CB-8CE5-FD87D55BCDD0}.Debug|Any CPU.Build.0 = Debug|Any CPU
		{B5E8F8B8-E503-45CB-8CE5-FD87D55BCDD0}.Release|Any CPU.ActiveCfg = Release|Any CPU
		{B5E8F8B8-E503-45CB-8CE5-FD87D55BCDD0}.Release|Any CPU.Build.0 = Release|Any CPU
		{7F1A6D41-F294-4EF7-B9E1-321F31AB36C2}.Debug|Any CPU.ActiveCfg = Debug|Any CPU
		{7F1A6D41-F294-4EF7-B9E1-321F31AB36C2}.Debug|Any CPU.Build.0 = Debug|Any CPU
		{7F1A6D41-F294-4EF7-B9E1-321F31AB36C2}.Release|Any CPU.ActiveCfg = Release|Any CPU
		{7F1A6D41-F294-4EF7-B9E1-321F31AB36C2}.Release|Any CPU.Build.0 = Release|Any CPU
		{EC128229-FBA6-41AB-838B-4F8C4DF05961}.Debug|Any CPU.ActiveCfg = Debug|Any CPU
		{EC128229-FBA6-41AB-838B-4F8C4DF05961}.Debug|Any CPU.Build.0 = Debug|Any CPU
		{EC128229-FBA6-41AB-838B-4F8C4DF05961}.Release|Any CPU.ActiveCfg = Release|Any CPU
		{EC128229-FBA6-41AB-838B-4F8C4DF05961}.Release|Any CPU.Build.0 = Release|Any CPU
		{7AE8CE8E-A9D9-4191-839B-9796194E6662}.Debug|Any CPU.ActiveCfg = Debug|Any CPU
		{7AE8CE8E-A9D9-4191-839B-9796194E6662}.Debug|Any CPU.Build.0 = Debug|Any CPU
		{7AE8CE8E-A9D9-4191-839B-9796194E6662}.Release|Any CPU.ActiveCfg = Release|Any CPU
		{7AE8CE8E-A9D9-4191-839B-9796194E6662}.Release|Any CPU.Build.0 = Release|Any CPU
		{9C8F9CEE-1DF5-44DB-BC2D-FEF3BCB8ACC2}.Debug|Any CPU.ActiveCfg = Debug|Any CPU
		{9C8F9CEE-1DF5-44DB-BC2D-FEF3BCB8ACC2}.Debug|Any CPU.Build.0 = Debug|Any CPU
		{9C8F9CEE-1DF5-44DB-BC2D-FEF3BCB8ACC2}.Release|Any CPU.ActiveCfg = Release|Any CPU
		{9C8F9CEE-1DF5-44DB-BC2D-FEF3BCB8ACC2}.Release|Any CPU.Build.0 = Release|Any CPU
		{541D7658-7362-4727-9793-6AF696CEA0E2}.Debug|Any CPU.ActiveCfg = Debug|Any CPU
		{541D7658-7362-4727-9793-6AF696CEA0E2}.Debug|Any CPU.Build.0 = Debug|Any CPU
		{541D7658-7362-4727-9793-6AF696CEA0E2}.Release|Any CPU.ActiveCfg = Release|Any CPU
		{541D7658-7362-4727-9793-6AF696CEA0E2}.Release|Any CPU.Build.0 = Release|Any CPU
		{A65801A3-7A12-4218-8DCC-B3E200150063}.Debug|Any CPU.ActiveCfg = Debug|Any CPU
		{A65801A3-7A12-4218-8DCC-B3E200150063}.Debug|Any CPU.Build.0 = Debug|Any CPU
		{A65801A3-7A12-4218-8DCC-B3E200150063}.Release|Any CPU.ActiveCfg = Release|Any CPU
		{A65801A3-7A12-4218-8DCC-B3E200150063}.Release|Any CPU.Build.0 = Release|Any CPU
		{96B8B883-677A-4C82-855E-D788B7B15F03}.Debug|Any CPU.ActiveCfg = Debug|Any CPU
		{96B8B883-677A-4C82-855E-D788B7B15F03}.Debug|Any CPU.Build.0 = Debug|Any CPU
		{96B8B883-677A-4C82-855E-D788B7B15F03}.Release|Any CPU.ActiveCfg = Release|Any CPU
		{96B8B883-677A-4C82-855E-D788B7B15F03}.Release|Any CPU.Build.0 = Release|Any CPU
		{7AD9D16E-D050-453F-9694-B7E0F379FA16}.Debug|Any CPU.ActiveCfg = Debug|Any CPU
		{7AD9D16E-D050-453F-9694-B7E0F379FA16}.Debug|Any CPU.Build.0 = Debug|Any CPU
		{7AD9D16E-D050-453F-9694-B7E0F379FA16}.Release|Any CPU.ActiveCfg = Release|Any CPU
		{7AD9D16E-D050-453F-9694-B7E0F379FA16}.Release|Any CPU.Build.0 = Release|Any CPU
		{984CE21B-DA73-49BD-9A06-E8FFA62CC180}.Debug|Any CPU.ActiveCfg = Debug|Any CPU
		{984CE21B-DA73-49BD-9A06-E8FFA62CC180}.Debug|Any CPU.Build.0 = Debug|Any CPU
		{984CE21B-DA73-49BD-9A06-E8FFA62CC180}.Release|Any CPU.ActiveCfg = Release|Any CPU
		{984CE21B-DA73-49BD-9A06-E8FFA62CC180}.Release|Any CPU.Build.0 = Release|Any CPU
		{112CEBFE-D976-411E-8B4F-6F73CC0C27C2}.Debug|Any CPU.ActiveCfg = Debug|Any CPU
		{112CEBFE-D976-411E-8B4F-6F73CC0C27C2}.Debug|Any CPU.Build.0 = Debug|Any CPU
		{112CEBFE-D976-411E-8B4F-6F73CC0C27C2}.Release|Any CPU.ActiveCfg = Release|Any CPU
		{112CEBFE-D976-411E-8B4F-6F73CC0C27C2}.Release|Any CPU.Build.0 = Release|Any CPU
		{F17CEE61-2607-4A28-8008-C40F93BE5DF3}.Debug|Any CPU.ActiveCfg = Debug|Any CPU
		{F17CEE61-2607-4A28-8008-C40F93BE5DF3}.Debug|Any CPU.Build.0 = Debug|Any CPU
		{F17CEE61-2607-4A28-8008-C40F93BE5DF3}.Release|Any CPU.ActiveCfg = Release|Any CPU
		{F17CEE61-2607-4A28-8008-C40F93BE5DF3}.Release|Any CPU.Build.0 = Release|Any CPU
		{E7BAD1C4-0BD6-46AC-8F5C-ED384FFDDB2E}.Debug|Any CPU.ActiveCfg = Debug|Any CPU
		{E7BAD1C4-0BD6-46AC-8F5C-ED384FFDDB2E}.Debug|Any CPU.Build.0 = Debug|Any CPU
		{E7BAD1C4-0BD6-46AC-8F5C-ED384FFDDB2E}.Release|Any CPU.ActiveCfg = Release|Any CPU
		{E7BAD1C4-0BD6-46AC-8F5C-ED384FFDDB2E}.Release|Any CPU.Build.0 = Release|Any CPU
		{87F49DEC-4A66-47D1-9601-4A9D4E55A0A9}.Debug|Any CPU.ActiveCfg = Debug|Any CPU
		{87F49DEC-4A66-47D1-9601-4A9D4E55A0A9}.Debug|Any CPU.Build.0 = Debug|Any CPU
		{87F49DEC-4A66-47D1-9601-4A9D4E55A0A9}.Release|Any CPU.ActiveCfg = Release|Any CPU
		{87F49DEC-4A66-47D1-9601-4A9D4E55A0A9}.Release|Any CPU.Build.0 = Release|Any CPU
		{A1B2E172-7B4B-4143-A886-E01AB4357749}.Debug|Any CPU.ActiveCfg = Debug|Any CPU
		{A1B2E172-7B4B-4143-A886-E01AB4357749}.Debug|Any CPU.Build.0 = Debug|Any CPU
		{A1B2E172-7B4B-4143-A886-E01AB4357749}.Release|Any CPU.ActiveCfg = Release|Any CPU
		{A1B2E172-7B4B-4143-A886-E01AB4357749}.Release|Any CPU.Build.0 = Release|Any CPU
		{2A143D1B-9646-43A9-9A79-53D2EBD77E1E}.Debug|Any CPU.ActiveCfg = Debug|Any CPU
		{2A143D1B-9646-43A9-9A79-53D2EBD77E1E}.Debug|Any CPU.Build.0 = Debug|Any CPU
		{2A143D1B-9646-43A9-9A79-53D2EBD77E1E}.Release|Any CPU.ActiveCfg = Release|Any CPU
		{2A143D1B-9646-43A9-9A79-53D2EBD77E1E}.Release|Any CPU.Build.0 = Release|Any CPU
		{136E0561-4D70-498F-AB23-8A16E0E18CC3}.Debug|Any CPU.ActiveCfg = Debug|Any CPU
		{136E0561-4D70-498F-AB23-8A16E0E18CC3}.Debug|Any CPU.Build.0 = Debug|Any CPU
		{136E0561-4D70-498F-AB23-8A16E0E18CC3}.Release|Any CPU.ActiveCfg = Release|Any CPU
		{136E0561-4D70-498F-AB23-8A16E0E18CC3}.Release|Any CPU.Build.0 = Release|Any CPU
		{F4692755-B8A2-4C30-BD20-66F41944D53D}.Debug|Any CPU.ActiveCfg = Debug|Any CPU
		{F4692755-B8A2-4C30-BD20-66F41944D53D}.Debug|Any CPU.Build.0 = Debug|Any CPU
		{F4692755-B8A2-4C30-BD20-66F41944D53D}.Release|Any CPU.ActiveCfg = Release|Any CPU
		{F4692755-B8A2-4C30-BD20-66F41944D53D}.Release|Any CPU.Build.0 = Release|Any CPU
		{4962B90E-1897-47D2-9BDB-22E5660EB9E6}.Debug|Any CPU.ActiveCfg = Debug|Any CPU
		{4962B90E-1897-47D2-9BDB-22E5660EB9E6}.Debug|Any CPU.Build.0 = Debug|Any CPU
		{4962B90E-1897-47D2-9BDB-22E5660EB9E6}.Release|Any CPU.ActiveCfg = Release|Any CPU
		{4962B90E-1897-47D2-9BDB-22E5660EB9E6}.Release|Any CPU.Build.0 = Release|Any CPU
		{9189598E-BD1E-464F-9B0B-8171AD52B0CF}.Debug|Any CPU.ActiveCfg = Debug|Any CPU
		{9189598E-BD1E-464F-9B0B-8171AD52B0CF}.Debug|Any CPU.Build.0 = Debug|Any CPU
		{9189598E-BD1E-464F-9B0B-8171AD52B0CF}.Release|Any CPU.ActiveCfg = Release|Any CPU
		{9189598E-BD1E-464F-9B0B-8171AD52B0CF}.Release|Any CPU.Build.0 = Release|Any CPU
		{66D47205-4E2C-4D21-A622-CD7A00DAD0BC}.Debug|Any CPU.ActiveCfg = Debug|Any CPU
		{66D47205-4E2C-4D21-A622-CD7A00DAD0BC}.Debug|Any CPU.Build.0 = Debug|Any CPU
		{66D47205-4E2C-4D21-A622-CD7A00DAD0BC}.Release|Any CPU.ActiveCfg = Release|Any CPU
		{66D47205-4E2C-4D21-A622-CD7A00DAD0BC}.Release|Any CPU.Build.0 = Release|Any CPU
		{E0E3C2DD-A654-43C7-AFC1-38EAAB929F77}.Debug|Any CPU.ActiveCfg = Debug|Any CPU
		{E0E3C2DD-A654-43C7-AFC1-38EAAB929F77}.Debug|Any CPU.Build.0 = Debug|Any CPU
		{E0E3C2DD-A654-43C7-AFC1-38EAAB929F77}.Release|Any CPU.ActiveCfg = Release|Any CPU
		{E0E3C2DD-A654-43C7-AFC1-38EAAB929F77}.Release|Any CPU.Build.0 = Release|Any CPU
		{EB850F03-7F10-4ED1-82EA-A1DBF4587056}.Debug|Any CPU.ActiveCfg = Debug|Any CPU
		{EB850F03-7F10-4ED1-82EA-A1DBF4587056}.Debug|Any CPU.Build.0 = Debug|Any CPU
		{EB850F03-7F10-4ED1-82EA-A1DBF4587056}.Release|Any CPU.ActiveCfg = Release|Any CPU
		{EB850F03-7F10-4ED1-82EA-A1DBF4587056}.Release|Any CPU.Build.0 = Release|Any CPU
		{0532801E-AE23-426E-A60A-A712F95654CB}.Debug|Any CPU.ActiveCfg = Debug|Any CPU
		{0532801E-AE23-426E-A60A-A712F95654CB}.Debug|Any CPU.Build.0 = Debug|Any CPU
		{0532801E-AE23-426E-A60A-A712F95654CB}.Release|Any CPU.ActiveCfg = Release|Any CPU
		{0532801E-AE23-426E-A60A-A712F95654CB}.Release|Any CPU.Build.0 = Release|Any CPU
		{480C0AEA-CF34-453B-B51C-6B44BD5DD4DE}.Debug|Any CPU.ActiveCfg = Debug|Any CPU
		{480C0AEA-CF34-453B-B51C-6B44BD5DD4DE}.Debug|Any CPU.Build.0 = Debug|Any CPU
		{480C0AEA-CF34-453B-B51C-6B44BD5DD4DE}.Release|Any CPU.ActiveCfg = Release|Any CPU
		{480C0AEA-CF34-453B-B51C-6B44BD5DD4DE}.Release|Any CPU.Build.0 = Release|Any CPU
		{3EFAF9C9-34ED-48D3-A6C8-B5418090CF2C}.Debug|Any CPU.ActiveCfg = Debug|Any CPU
		{3EFAF9C9-34ED-48D3-A6C8-B5418090CF2C}.Debug|Any CPU.Build.0 = Debug|Any CPU
		{3EFAF9C9-34ED-48D3-A6C8-B5418090CF2C}.Release|Any CPU.ActiveCfg = Release|Any CPU
		{3EFAF9C9-34ED-48D3-A6C8-B5418090CF2C}.Release|Any CPU.Build.0 = Release|Any CPU
		{B0FC537B-E104-4780-9187-C017D7B83123}.Debug|Any CPU.ActiveCfg = Debug|Any CPU
		{B0FC537B-E104-4780-9187-C017D7B83123}.Debug|Any CPU.Build.0 = Debug|Any CPU
		{B0FC537B-E104-4780-9187-C017D7B83123}.Release|Any CPU.ActiveCfg = Release|Any CPU
		{B0FC537B-E104-4780-9187-C017D7B83123}.Release|Any CPU.Build.0 = Release|Any CPU
		{89525414-0E00-4889-8B4D-CD891717C1EC}.Debug|Any CPU.ActiveCfg = Debug|Any CPU
		{89525414-0E00-4889-8B4D-CD891717C1EC}.Debug|Any CPU.Build.0 = Debug|Any CPU
		{89525414-0E00-4889-8B4D-CD891717C1EC}.Release|Any CPU.ActiveCfg = Release|Any CPU
		{89525414-0E00-4889-8B4D-CD891717C1EC}.Release|Any CPU.Build.0 = Release|Any CPU
		{9239F08D-0F40-442B-9CF0-6CF79A976D81}.Debug|Any CPU.ActiveCfg = Debug|Any CPU
		{9239F08D-0F40-442B-9CF0-6CF79A976D81}.Debug|Any CPU.Build.0 = Debug|Any CPU
		{9239F08D-0F40-442B-9CF0-6CF79A976D81}.Release|Any CPU.ActiveCfg = Release|Any CPU
		{9239F08D-0F40-442B-9CF0-6CF79A976D81}.Release|Any CPU.Build.0 = Release|Any CPU
		{FAD0AD62-0B42-44FC-8E5D-EDF474A27A29}.Debug|Any CPU.ActiveCfg = Debug|Any CPU
		{FAD0AD62-0B42-44FC-8E5D-EDF474A27A29}.Debug|Any CPU.Build.0 = Debug|Any CPU
		{FAD0AD62-0B42-44FC-8E5D-EDF474A27A29}.Release|Any CPU.ActiveCfg = Release|Any CPU
		{FAD0AD62-0B42-44FC-8E5D-EDF474A27A29}.Release|Any CPU.Build.0 = Release|Any CPU
		{61208C9F-5944-4649-B8B6-1ABD60AC8495}.Debug|Any CPU.ActiveCfg = Debug|Any CPU
		{61208C9F-5944-4649-B8B6-1ABD60AC8495}.Debug|Any CPU.Build.0 = Debug|Any CPU
		{61208C9F-5944-4649-B8B6-1ABD60AC8495}.Release|Any CPU.ActiveCfg = Release|Any CPU
		{61208C9F-5944-4649-B8B6-1ABD60AC8495}.Release|Any CPU.Build.0 = Release|Any CPU
		{54C15E9E-843F-4E93-ACBE-89F58C10BCAB}.Debug|Any CPU.ActiveCfg = Debug|Any CPU
		{54C15E9E-843F-4E93-ACBE-89F58C10BCAB}.Debug|Any CPU.Build.0 = Debug|Any CPU
		{54C15E9E-843F-4E93-ACBE-89F58C10BCAB}.Release|Any CPU.ActiveCfg = Release|Any CPU
		{54C15E9E-843F-4E93-ACBE-89F58C10BCAB}.Release|Any CPU.Build.0 = Release|Any CPU
		{4FC8AC4B-6922-44D8-B8AF-17A126B739C1}.Debug|Any CPU.ActiveCfg = Debug|Any CPU
		{4FC8AC4B-6922-44D8-B8AF-17A126B739C1}.Debug|Any CPU.Build.0 = Debug|Any CPU
		{4FC8AC4B-6922-44D8-B8AF-17A126B739C1}.Release|Any CPU.ActiveCfg = Release|Any CPU
		{4FC8AC4B-6922-44D8-B8AF-17A126B739C1}.Release|Any CPU.Build.0 = Release|Any CPU
		{5A9745D1-051B-4D0E-9673-AE7E319123BD}.Debug|Any CPU.ActiveCfg = Debug|Any CPU
		{5A9745D1-051B-4D0E-9673-AE7E319123BD}.Debug|Any CPU.Build.0 = Debug|Any CPU
		{5A9745D1-051B-4D0E-9673-AE7E319123BD}.Release|Any CPU.ActiveCfg = Release|Any CPU
		{5A9745D1-051B-4D0E-9673-AE7E319123BD}.Release|Any CPU.Build.0 = Release|Any CPU
		{80147B30-6C88-4AC3-A01B-29363D2EFD04}.Debug|Any CPU.ActiveCfg = Debug|Any CPU
		{80147B30-6C88-4AC3-A01B-29363D2EFD04}.Debug|Any CPU.Build.0 = Debug|Any CPU
		{80147B30-6C88-4AC3-A01B-29363D2EFD04}.Release|Any CPU.ActiveCfg = Release|Any CPU
		{80147B30-6C88-4AC3-A01B-29363D2EFD04}.Release|Any CPU.Build.0 = Release|Any CPU
		{26067D95-940F-4EDE-8B43-41624F962C56}.Debug|Any CPU.ActiveCfg = Debug|Any CPU
		{26067D95-940F-4EDE-8B43-41624F962C56}.Debug|Any CPU.Build.0 = Debug|Any CPU
		{26067D95-940F-4EDE-8B43-41624F962C56}.Release|Any CPU.ActiveCfg = Release|Any CPU
		{26067D95-940F-4EDE-8B43-41624F962C56}.Release|Any CPU.Build.0 = Release|Any CPU
		{1044DE3F-EE1A-4CA6-B1EA-196EF34C8D23}.Debug|Any CPU.ActiveCfg = Debug|Any CPU
		{1044DE3F-EE1A-4CA6-B1EA-196EF34C8D23}.Debug|Any CPU.Build.0 = Debug|Any CPU
		{1044DE3F-EE1A-4CA6-B1EA-196EF34C8D23}.Release|Any CPU.ActiveCfg = Release|Any CPU
		{1044DE3F-EE1A-4CA6-B1EA-196EF34C8D23}.Release|Any CPU.Build.0 = Release|Any CPU
		{9AB9704C-AAC5-49E0-91BD-EBDBE27C1884}.Debug|Any CPU.ActiveCfg = Debug|Any CPU
		{9AB9704C-AAC5-49E0-91BD-EBDBE27C1884}.Debug|Any CPU.Build.0 = Debug|Any CPU
		{9AB9704C-AAC5-49E0-91BD-EBDBE27C1884}.Release|Any CPU.ActiveCfg = Release|Any CPU
		{9AB9704C-AAC5-49E0-91BD-EBDBE27C1884}.Release|Any CPU.Build.0 = Release|Any CPU
		{6238DF09-AC94-4D7D-A7DE-11068289FBA8}.Debug|Any CPU.ActiveCfg = Debug|Any CPU
		{6238DF09-AC94-4D7D-A7DE-11068289FBA8}.Debug|Any CPU.Build.0 = Debug|Any CPU
		{6238DF09-AC94-4D7D-A7DE-11068289FBA8}.Release|Any CPU.ActiveCfg = Release|Any CPU
		{6238DF09-AC94-4D7D-A7DE-11068289FBA8}.Release|Any CPU.Build.0 = Release|Any CPU
		{350B8511-EB32-4FAD-9466-3E1CF088CF5F}.Debug|Any CPU.ActiveCfg = Debug|Any CPU
		{350B8511-EB32-4FAD-9466-3E1CF088CF5F}.Debug|Any CPU.Build.0 = Debug|Any CPU
		{350B8511-EB32-4FAD-9466-3E1CF088CF5F}.Release|Any CPU.ActiveCfg = Release|Any CPU
		{350B8511-EB32-4FAD-9466-3E1CF088CF5F}.Release|Any CPU.Build.0 = Release|Any CPU
		{7630037A-492F-432E-8929-389C9097E501}.Debug|Any CPU.ActiveCfg = Debug|Any CPU
		{7630037A-492F-432E-8929-389C9097E501}.Debug|Any CPU.Build.0 = Debug|Any CPU
		{7630037A-492F-432E-8929-389C9097E501}.Release|Any CPU.ActiveCfg = Release|Any CPU
		{7630037A-492F-432E-8929-389C9097E501}.Release|Any CPU.Build.0 = Release|Any CPU
		{D2CF98F1-78D5-4C37-97FD-59361AC2A5DB}.Debug|Any CPU.ActiveCfg = Debug|Any CPU
		{D2CF98F1-78D5-4C37-97FD-59361AC2A5DB}.Debug|Any CPU.Build.0 = Debug|Any CPU
		{D2CF98F1-78D5-4C37-97FD-59361AC2A5DB}.Release|Any CPU.ActiveCfg = Release|Any CPU
		{D2CF98F1-78D5-4C37-97FD-59361AC2A5DB}.Release|Any CPU.Build.0 = Release|Any CPU
		{C32E7B2B-60C0-4B8C-9A4A-1481611CB577}.Debug|Any CPU.ActiveCfg = Debug|Any CPU
		{C32E7B2B-60C0-4B8C-9A4A-1481611CB577}.Debug|Any CPU.Build.0 = Debug|Any CPU
		{C32E7B2B-60C0-4B8C-9A4A-1481611CB577}.Release|Any CPU.ActiveCfg = Release|Any CPU
		{C32E7B2B-60C0-4B8C-9A4A-1481611CB577}.Release|Any CPU.Build.0 = Release|Any CPU
		{1BFD52C7-2937-448B-8AD3-3C61FFDFEB27}.Debug|Any CPU.ActiveCfg = Debug|Any CPU
		{1BFD52C7-2937-448B-8AD3-3C61FFDFEB27}.Debug|Any CPU.Build.0 = Debug|Any CPU
		{1BFD52C7-2937-448B-8AD3-3C61FFDFEB27}.Release|Any CPU.ActiveCfg = Release|Any CPU
		{1BFD52C7-2937-448B-8AD3-3C61FFDFEB27}.Release|Any CPU.Build.0 = Release|Any CPU
		{2E024490-4A66-4E0C-8EB9-2FD7E38E1CDA}.Debug|Any CPU.ActiveCfg = Debug|Any CPU
		{2E024490-4A66-4E0C-8EB9-2FD7E38E1CDA}.Debug|Any CPU.Build.0 = Debug|Any CPU
		{2E024490-4A66-4E0C-8EB9-2FD7E38E1CDA}.Release|Any CPU.ActiveCfg = Release|Any CPU
		{2E024490-4A66-4E0C-8EB9-2FD7E38E1CDA}.Release|Any CPU.Build.0 = Release|Any CPU
		{1C155A0D-4669-4580-ACE2-D22CA4204F83}.Debug|Any CPU.ActiveCfg = Debug|Any CPU
		{1C155A0D-4669-4580-ACE2-D22CA4204F83}.Debug|Any CPU.Build.0 = Debug|Any CPU
		{1C155A0D-4669-4580-ACE2-D22CA4204F83}.Release|Any CPU.ActiveCfg = Release|Any CPU
		{1C155A0D-4669-4580-ACE2-D22CA4204F83}.Release|Any CPU.Build.0 = Release|Any CPU
		{83BE4D7E-02E0-4F16-A24D-04E750B8013B}.Debug|Any CPU.ActiveCfg = Debug|Any CPU
		{83BE4D7E-02E0-4F16-A24D-04E750B8013B}.Debug|Any CPU.Build.0 = Debug|Any CPU
		{83BE4D7E-02E0-4F16-A24D-04E750B8013B}.Release|Any CPU.ActiveCfg = Release|Any CPU
		{83BE4D7E-02E0-4F16-A24D-04E750B8013B}.Release|Any CPU.Build.0 = Release|Any CPU
		{295064BB-7B60-485E-8D80-4F2F32B96002}.Debug|Any CPU.ActiveCfg = Debug|Any CPU
		{295064BB-7B60-485E-8D80-4F2F32B96002}.Debug|Any CPU.Build.0 = Debug|Any CPU
		{295064BB-7B60-485E-8D80-4F2F32B96002}.Release|Any CPU.ActiveCfg = Release|Any CPU
		{295064BB-7B60-485E-8D80-4F2F32B96002}.Release|Any CPU.Build.0 = Release|Any CPU
		{952EC646-7C76-49FB-87D5-1258405C1F8D}.Debug|Any CPU.ActiveCfg = Debug|Any CPU
		{952EC646-7C76-49FB-87D5-1258405C1F8D}.Debug|Any CPU.Build.0 = Debug|Any CPU
		{952EC646-7C76-49FB-87D5-1258405C1F8D}.Release|Any CPU.ActiveCfg = Release|Any CPU
		{952EC646-7C76-49FB-87D5-1258405C1F8D}.Release|Any CPU.Build.0 = Release|Any CPU
		{71B58E1E-6D40-46D5-A096-8A3750E24EAE}.Debug|Any CPU.ActiveCfg = Debug|Any CPU
		{71B58E1E-6D40-46D5-A096-8A3750E24EAE}.Debug|Any CPU.Build.0 = Debug|Any CPU
		{71B58E1E-6D40-46D5-A096-8A3750E24EAE}.Release|Any CPU.ActiveCfg = Release|Any CPU
		{71B58E1E-6D40-46D5-A096-8A3750E24EAE}.Release|Any CPU.Build.0 = Release|Any CPU
		{838AE7EC-4937-4BEB-836B-FCBE590A3237}.Debug|Any CPU.ActiveCfg = Debug|Any CPU
		{838AE7EC-4937-4BEB-836B-FCBE590A3237}.Debug|Any CPU.Build.0 = Debug|Any CPU
		{838AE7EC-4937-4BEB-836B-FCBE590A3237}.Release|Any CPU.ActiveCfg = Release|Any CPU
		{838AE7EC-4937-4BEB-836B-FCBE590A3237}.Release|Any CPU.Build.0 = Release|Any CPU
		{A22B7197-3C36-4CAE-88D1-836FA0265250}.Debug|Any CPU.ActiveCfg = Debug|Any CPU
		{A22B7197-3C36-4CAE-88D1-836FA0265250}.Debug|Any CPU.Build.0 = Debug|Any CPU
		{A22B7197-3C36-4CAE-88D1-836FA0265250}.Release|Any CPU.ActiveCfg = Release|Any CPU
		{A22B7197-3C36-4CAE-88D1-836FA0265250}.Release|Any CPU.Build.0 = Release|Any CPU
		{5BA08E52-87FC-45A7-8255-3138EB6A7865}.Debug|Any CPU.ActiveCfg = Debug|Any CPU
		{5BA08E52-87FC-45A7-8255-3138EB6A7865}.Debug|Any CPU.Build.0 = Debug|Any CPU
		{5BA08E52-87FC-45A7-8255-3138EB6A7865}.Release|Any CPU.ActiveCfg = Release|Any CPU
		{5BA08E52-87FC-45A7-8255-3138EB6A7865}.Release|Any CPU.Build.0 = Release|Any CPU
		{8EC430AE-BFD9-40F3-9A04-B4F15B3EE7C0}.Debug|Any CPU.ActiveCfg = Debug|Any CPU
		{8EC430AE-BFD9-40F3-9A04-B4F15B3EE7C0}.Debug|Any CPU.Build.0 = Debug|Any CPU
		{8EC430AE-BFD9-40F3-9A04-B4F15B3EE7C0}.Release|Any CPU.ActiveCfg = Release|Any CPU
		{8EC430AE-BFD9-40F3-9A04-B4F15B3EE7C0}.Release|Any CPU.Build.0 = Release|Any CPU
		{0EF504B2-CCCA-4A6A-84BB-28CB20EA4ECB}.Debug|Any CPU.ActiveCfg = Debug|Any CPU
		{0EF504B2-CCCA-4A6A-84BB-28CB20EA4ECB}.Debug|Any CPU.Build.0 = Debug|Any CPU
		{0EF504B2-CCCA-4A6A-84BB-28CB20EA4ECB}.Release|Any CPU.ActiveCfg = Release|Any CPU
		{0EF504B2-CCCA-4A6A-84BB-28CB20EA4ECB}.Release|Any CPU.Build.0 = Release|Any CPU
		{98EC9D1E-69DA-46CE-877F-3B3F532BC045}.Debug|Any CPU.ActiveCfg = Debug|Any CPU
		{98EC9D1E-69DA-46CE-877F-3B3F532BC045}.Debug|Any CPU.Build.0 = Debug|Any CPU
		{98EC9D1E-69DA-46CE-877F-3B3F532BC045}.Release|Any CPU.ActiveCfg = Release|Any CPU
		{98EC9D1E-69DA-46CE-877F-3B3F532BC045}.Release|Any CPU.Build.0 = Release|Any CPU
		{816320DD-A975-459F-80AF-D31A9DB73479}.Debug|Any CPU.ActiveCfg = Debug|Any CPU
		{816320DD-A975-459F-80AF-D31A9DB73479}.Debug|Any CPU.Build.0 = Debug|Any CPU
		{816320DD-A975-459F-80AF-D31A9DB73479}.Release|Any CPU.ActiveCfg = Release|Any CPU
		{816320DD-A975-459F-80AF-D31A9DB73479}.Release|Any CPU.Build.0 = Release|Any CPU
		{B165223F-7B93-40E5-8549-FCEDCB23D672}.Debug|Any CPU.ActiveCfg = Debug|Any CPU
		{B165223F-7B93-40E5-8549-FCEDCB23D672}.Debug|Any CPU.Build.0 = Debug|Any CPU
		{B165223F-7B93-40E5-8549-FCEDCB23D672}.Release|Any CPU.ActiveCfg = Release|Any CPU
		{B165223F-7B93-40E5-8549-FCEDCB23D672}.Release|Any CPU.Build.0 = Release|Any CPU
	EndGlobalSection
	GlobalSection(SolutionProperties) = preSolution
		HideSolutionNode = FALSE
	EndGlobalSection
	GlobalSection(NestedProjects) = preSolution
		{C9981C74-A7C2-6184-3073-9CBEF2CBC1CF} = {B36A84DF-456D-A817-6EDD-3EC3E7F6E11F}
		{C6A900C0-2305-4DB2-988B-88E7540BC67F} = {B36A84DF-456D-A817-6EDD-3EC3E7F6E11F}
		{20D1473D-EE27-4FC7-8074-0136E46E8343} = {B36A84DF-456D-A817-6EDD-3EC3E7F6E11F}
		{62B58DF8-B096-4A87-B036-F037B642C0D3} = {B36A84DF-456D-A817-6EDD-3EC3E7F6E11F}
		{CF3B6BD7-3C68-4534-A41A-75B087CDAD22} = {B36A84DF-456D-A817-6EDD-3EC3E7F6E11F}
		{30C9ECF5-58F0-4728-86ED-354BAFCE5084} = {B36A84DF-456D-A817-6EDD-3EC3E7F6E11F}
		{9B109CD7-3035-45E9-8D2D-02A82E8DD153} = {B36A84DF-456D-A817-6EDD-3EC3E7F6E11F}
		{51815CA5-3A57-4AC3-AA20-15C0A41EAE66} = {B36A84DF-456D-A817-6EDD-3EC3E7F6E11F}
		{87844AAF-F904-4888-9948-1A5149A1E40B} = {B36A84DF-456D-A817-6EDD-3EC3E7F6E11F}
		{24CAEF1D-6892-476D-B81B-E98D37B9893B} = {B36A84DF-456D-A817-6EDD-3EC3E7F6E11F}
		{056B3D69-4CFB-4904-9FE5-0961619ED055} = {B36A84DF-456D-A817-6EDD-3EC3E7F6E11F}
		{23EC784F-3497-4278-A0F1-E14A78F9FFA5} = {B36A84DF-456D-A817-6EDD-3EC3E7F6E11F}
		{355F7341-D8C5-4A19-B7B8-336E65E9CCFD} = {B36A84DF-456D-A817-6EDD-3EC3E7F6E11F}
		{107EC80F-6F78-4077-9744-92836B6157C1} = {B36A84DF-456D-A817-6EDD-3EC3E7F6E11F}
		{57C50C8E-DB50-4C78-BA4D-2330FE254394} = {B36A84DF-456D-A817-6EDD-3EC3E7F6E11F}
		{CE0539BE-4D95-4C89-9C5B-CCA06FE2E5C4} = {B36A84DF-456D-A817-6EDD-3EC3E7F6E11F}
		{636B51A7-CA4E-4C74-980C-0B4809E4C410} = {B36A84DF-456D-A817-6EDD-3EC3E7F6E11F}
		{14918E04-E6C1-44AA-9D7C-77A6B04D0968} = {B36A84DF-456D-A817-6EDD-3EC3E7F6E11F}
		{3E1DEBBE-496A-4640-8F75-64365E0CCB12} = {B36A84DF-456D-A817-6EDD-3EC3E7F6E11F}
		{FD0844F5-BD24-4453-876F-4FFBD6A79612} = {B36A84DF-456D-A817-6EDD-3EC3E7F6E11F}
		{AC7F9073-3489-452F-AD84-BD404495E228} = {B36A84DF-456D-A817-6EDD-3EC3E7F6E11F}
		{16DFAC28-77A2-4FA4-8D6E-33BD87FC4B67} = {B36A84DF-456D-A817-6EDD-3EC3E7F6E11F}
		{B93C111E-3B1F-46EB-A08F-94566E197417} = {B36A84DF-456D-A817-6EDD-3EC3E7F6E11F}
		{BF62931A-4430-45D4-8C47-E8AB7B81C033} = {B36A84DF-456D-A817-6EDD-3EC3E7F6E11F}
		{10148E34-5C2E-4C04-93FB-12B42374F2BE} = {B36A84DF-456D-A817-6EDD-3EC3E7F6E11F}
		{C9900251-88A4-43F5-AD06-29BFBF9BB044} = {B36A84DF-456D-A817-6EDD-3EC3E7F6E11F}
		{CF7B3739-1DED-4D0A-A7AC-A42E66C16F95} = {B36A84DF-456D-A817-6EDD-3EC3E7F6E11F}
		{F115232F-E0B5-4CD9-A798-B3FE04CA6DE4} = {B36A84DF-456D-A817-6EDD-3EC3E7F6E11F}
		{AAC8FBE7-26AB-4EEA-ABAF-7F5BDA152BDB} = {B36A84DF-456D-A817-6EDD-3EC3E7F6E11F}
		{98518161-830C-45D6-A9F6-75FAA9E6A331} = {B36A84DF-456D-A817-6EDD-3EC3E7F6E11F}
		{8967284B-F76C-4179-8C21-67B932449182} = {B36A84DF-456D-A817-6EDD-3EC3E7F6E11F}
		{89875347-53F3-4772-9FAF-7950124FCD47} = {B36A84DF-456D-A817-6EDD-3EC3E7F6E11F}
		{5E8E86A7-48C3-4968-8CBA-0B54202C7F95} = {B36A84DF-456D-A817-6EDD-3EC3E7F6E11F}
		{6B2FFA3A-587D-4AA0-9EE6-608CECFE0061} = {B36A84DF-456D-A817-6EDD-3EC3E7F6E11F}
		{DDA59CE5-ECFB-4658-BCE4-2877AB48CC03} = {B36A84DF-456D-A817-6EDD-3EC3E7F6E11F}
		{CF4E3E94-902C-4318-B7AC-D10C50892FD8} = {B36A84DF-456D-A817-6EDD-3EC3E7F6E11F}
		{3A746B31-EE0B-4F94-88A0-89CAF0D49EE1} = {B36A84DF-456D-A817-6EDD-3EC3E7F6E11F}
		{D4686747-BEF5-48A1-8EF5-867F1AD6DC9D} = {B36A84DF-456D-A817-6EDD-3EC3E7F6E11F}
		{C0CB1F89-9A1A-43E3-B2C7-AB27B89637E9} = {B36A84DF-456D-A817-6EDD-3EC3E7F6E11F}
		{CDC837E9-304E-4228-93FE-2A4D8AED938A} = {B36A84DF-456D-A817-6EDD-3EC3E7F6E11F}
		{4BC74E26-F718-4795-83A2-5D8420033B62} = {B36A84DF-456D-A817-6EDD-3EC3E7F6E11F}
		{32F4CBBA-5C8C-4419-A6E1-4B2304E30522} = {B36A84DF-456D-A817-6EDD-3EC3E7F6E11F}
		{DA9DF78E-1B40-4C32-BB9F-D0EB4A0CFB39} = {B36A84DF-456D-A817-6EDD-3EC3E7F6E11F}
		{FF4B5DDC-8395-4B62-9D84-87B6687786B5} = {B36A84DF-456D-A817-6EDD-3EC3E7F6E11F}
		{9B28E879-4592-445C-BB60-630DB14E68D6} = {B36A84DF-456D-A817-6EDD-3EC3E7F6E11F}
		{9E904C61-E1E9-4E03-AD1B-B1F768F6697E} = {B36A84DF-456D-A817-6EDD-3EC3E7F6E11F}
		{738FD872-9860-4D1F-9021-92C2417B4CC6} = {B36A84DF-456D-A817-6EDD-3EC3E7F6E11F}
		{B5E8F8B8-E503-45CB-8CE5-FD87D55BCDD0} = {B36A84DF-456D-A817-6EDD-3EC3E7F6E11F}
		{7F1A6D41-F294-4EF7-B9E1-321F31AB36C2} = {B36A84DF-456D-A817-6EDD-3EC3E7F6E11F}
		{EC128229-FBA6-41AB-838B-4F8C4DF05961} = {B36A84DF-456D-A817-6EDD-3EC3E7F6E11F}
		{7AE8CE8E-A9D9-4191-839B-9796194E6662} = {B36A84DF-456D-A817-6EDD-3EC3E7F6E11F}
		{9C8F9CEE-1DF5-44DB-BC2D-FEF3BCB8ACC2} = {B36A84DF-456D-A817-6EDD-3EC3E7F6E11F}
		{541D7658-7362-4727-9793-6AF696CEA0E2} = {B36A84DF-456D-A817-6EDD-3EC3E7F6E11F}
		{A65801A3-7A12-4218-8DCC-B3E200150063} = {B36A84DF-456D-A817-6EDD-3EC3E7F6E11F}
		{96B8B883-677A-4C82-855E-D788B7B15F03} = {B36A84DF-456D-A817-6EDD-3EC3E7F6E11F}
		{7AD9D16E-D050-453F-9694-B7E0F379FA16} = {B36A84DF-456D-A817-6EDD-3EC3E7F6E11F}
		{984CE21B-DA73-49BD-9A06-E8FFA62CC180} = {B36A84DF-456D-A817-6EDD-3EC3E7F6E11F}
		{112CEBFE-D976-411E-8B4F-6F73CC0C27C2} = {B36A84DF-456D-A817-6EDD-3EC3E7F6E11F}
		{F17CEE61-2607-4A28-8008-C40F93BE5DF3} = {B36A84DF-456D-A817-6EDD-3EC3E7F6E11F}
		{E7BAD1C4-0BD6-46AC-8F5C-ED384FFDDB2E} = {B36A84DF-456D-A817-6EDD-3EC3E7F6E11F}
		{87F49DEC-4A66-47D1-9601-4A9D4E55A0A9} = {B36A84DF-456D-A817-6EDD-3EC3E7F6E11F}
		{A1B2E172-7B4B-4143-A886-E01AB4357749} = {B36A84DF-456D-A817-6EDD-3EC3E7F6E11F}
		{2A143D1B-9646-43A9-9A79-53D2EBD77E1E} = {B36A84DF-456D-A817-6EDD-3EC3E7F6E11F}
		{136E0561-4D70-498F-AB23-8A16E0E18CC3} = {B36A84DF-456D-A817-6EDD-3EC3E7F6E11F}
		{F4692755-B8A2-4C30-BD20-66F41944D53D} = {B36A84DF-456D-A817-6EDD-3EC3E7F6E11F}
		{4962B90E-1897-47D2-9BDB-22E5660EB9E6} = {B36A84DF-456D-A817-6EDD-3EC3E7F6E11F}
		{9189598E-BD1E-464F-9B0B-8171AD52B0CF} = {B36A84DF-456D-A817-6EDD-3EC3E7F6E11F}
		{66D47205-4E2C-4D21-A622-CD7A00DAD0BC} = {B36A84DF-456D-A817-6EDD-3EC3E7F6E11F}
		{E0E3C2DD-A654-43C7-AFC1-38EAAB929F77} = {B36A84DF-456D-A817-6EDD-3EC3E7F6E11F}
		{EB850F03-7F10-4ED1-82EA-A1DBF4587056} = {B36A84DF-456D-A817-6EDD-3EC3E7F6E11F}
		{0532801E-AE23-426E-A60A-A712F95654CB} = {B36A84DF-456D-A817-6EDD-3EC3E7F6E11F}
		{480C0AEA-CF34-453B-B51C-6B44BD5DD4DE} = {B36A84DF-456D-A817-6EDD-3EC3E7F6E11F}
		{3EFAF9C9-34ED-48D3-A6C8-B5418090CF2C} = {B36A84DF-456D-A817-6EDD-3EC3E7F6E11F}
		{B0FC537B-E104-4780-9187-C017D7B83123} = {B36A84DF-456D-A817-6EDD-3EC3E7F6E11F}
		{89525414-0E00-4889-8B4D-CD891717C1EC} = {B36A84DF-456D-A817-6EDD-3EC3E7F6E11F}
		{9239F08D-0F40-442B-9CF0-6CF79A976D81} = {B36A84DF-456D-A817-6EDD-3EC3E7F6E11F}
		{FAD0AD62-0B42-44FC-8E5D-EDF474A27A29} = {B36A84DF-456D-A817-6EDD-3EC3E7F6E11F}
		{61208C9F-5944-4649-B8B6-1ABD60AC8495} = {B36A84DF-456D-A817-6EDD-3EC3E7F6E11F}
		{54C15E9E-843F-4E93-ACBE-89F58C10BCAB} = {B36A84DF-456D-A817-6EDD-3EC3E7F6E11F}
		{4FC8AC4B-6922-44D8-B8AF-17A126B739C1} = {B36A84DF-456D-A817-6EDD-3EC3E7F6E11F}
		{5A9745D1-051B-4D0E-9673-AE7E319123BD} = {B36A84DF-456D-A817-6EDD-3EC3E7F6E11F}
		{80147B30-6C88-4AC3-A01B-29363D2EFD04} = {B36A84DF-456D-A817-6EDD-3EC3E7F6E11F}
		{26067D95-940F-4EDE-8B43-41624F962C56} = {B36A84DF-456D-A817-6EDD-3EC3E7F6E11F}
		{1044DE3F-EE1A-4CA6-B1EA-196EF34C8D23} = {B36A84DF-456D-A817-6EDD-3EC3E7F6E11F}
		{9AB9704C-AAC5-49E0-91BD-EBDBE27C1884} = {B36A84DF-456D-A817-6EDD-3EC3E7F6E11F}
		{6238DF09-AC94-4D7D-A7DE-11068289FBA8} = {B36A84DF-456D-A817-6EDD-3EC3E7F6E11F}
		{350B8511-EB32-4FAD-9466-3E1CF088CF5F} = {B36A84DF-456D-A817-6EDD-3EC3E7F6E11F}
		{7630037A-492F-432E-8929-389C9097E501} = {B36A84DF-456D-A817-6EDD-3EC3E7F6E11F}
		{D2CF98F1-78D5-4C37-97FD-59361AC2A5DB} = {B36A84DF-456D-A817-6EDD-3EC3E7F6E11F}
		{C32E7B2B-60C0-4B8C-9A4A-1481611CB577} = {B36A84DF-456D-A817-6EDD-3EC3E7F6E11F}
		{1BFD52C7-2937-448B-8AD3-3C61FFDFEB27} = {B36A84DF-456D-A817-6EDD-3EC3E7F6E11F}
		{2E024490-4A66-4E0C-8EB9-2FD7E38E1CDA} = {B36A84DF-456D-A817-6EDD-3EC3E7F6E11F}
		{1C155A0D-4669-4580-ACE2-D22CA4204F83} = {B36A84DF-456D-A817-6EDD-3EC3E7F6E11F}
		{83BE4D7E-02E0-4F16-A24D-04E750B8013B} = {B36A84DF-456D-A817-6EDD-3EC3E7F6E11F}
		{295064BB-7B60-485E-8D80-4F2F32B96002} = {B36A84DF-456D-A817-6EDD-3EC3E7F6E11F}
		{952EC646-7C76-49FB-87D5-1258405C1F8D} = {B36A84DF-456D-A817-6EDD-3EC3E7F6E11F}
		{71B58E1E-6D40-46D5-A096-8A3750E24EAE} = {B36A84DF-456D-A817-6EDD-3EC3E7F6E11F}
		{838AE7EC-4937-4BEB-836B-FCBE590A3237} = {B36A84DF-456D-A817-6EDD-3EC3E7F6E11F}
		{A22B7197-3C36-4CAE-88D1-836FA0265250} = {B36A84DF-456D-A817-6EDD-3EC3E7F6E11F}
		{5BA08E52-87FC-45A7-8255-3138EB6A7865} = {B36A84DF-456D-A817-6EDD-3EC3E7F6E11F}
		{8EC430AE-BFD9-40F3-9A04-B4F15B3EE7C0} = {B36A84DF-456D-A817-6EDD-3EC3E7F6E11F}
		{0EF504B2-CCCA-4A6A-84BB-28CB20EA4ECB} = {B36A84DF-456D-A817-6EDD-3EC3E7F6E11F}
		{98EC9D1E-69DA-46CE-877F-3B3F532BC045} = {B36A84DF-456D-A817-6EDD-3EC3E7F6E11F}
		{816320DD-A975-459F-80AF-D31A9DB73479} = {B36A84DF-456D-A817-6EDD-3EC3E7F6E11F}
		{B165223F-7B93-40E5-8549-FCEDCB23D672} = {B36A84DF-456D-A817-6EDD-3EC3E7F6E11F}
	EndGlobalSection
	GlobalSection(ExtensibilityGlobals) = postSolution
		SolutionGuid = {3E698CF8-2571-44C4-BDB3-0CAAE475F5DF}
	EndGlobalSection
EndGlobal
